
Microsoft Visual Studio Solution File, Format Version 12.00
# Visual Studio Version 17
VisualStudioVersion = 17.0.31903.59
MinimumVisualStudioVersion = 10.0.40219.1
Project("{FAE04EC0-301F-11D3-BF4B-00C04F79EFBC}") = "DesignPatterns", "DesignPatterns.csproj", "{F06F57F6-8CBC-4B65-941B-0D2776C5B955}"
EndProject
Project("{FAE04EC0-301F-11D3-BF4B-00C04F79EFBC}") = "StrategyPattern", "StrategyPattern\StrategyPattern.csproj", "{1FD6F72E-F9C2-4DF9-8BA5-181FCD1FA5B8}"
EndProject
Global
	GlobalSection(SolutionConfigurationPlatforms) = preSolution
		Debug|Any CPU = Debug|Any CPU
		Release|Any CPU = Release|Any CPU
	EndGlobalSection
	GlobalSection(SolutionProperties) = preSolution
		HideSolutionNode = FALSE
	EndGlobalSection
	GlobalSection(ProjectConfigurationPlatforms) = postSolution
		{F06F57F6-8CBC-4B65-941B-0D2776C5B955}.Debug|Any CPU.ActiveCfg = Debug|Any CPU
		{F06F57F6-8CBC-4B65-941B-0D2776C5B955}.Debug|Any CPU.Build.0 = Debug|Any CPU
		{F06F57F6-8CBC-4B65-941B-0D2776C5B955}.Release|Any CPU.ActiveCfg = Release|Any CPU
		{F06F57F6-8CBC-4B65-941B-0D2776C5B955}.Release|Any CPU.Build.0 = Release|Any CPU
		{1FD6F72E-F9C2-4DF9-8BA5-181FCD1FA5B8}.Debug|Any CPU.ActiveCfg = Debug|Any CPU
		{1FD6F72E-F9C2-4DF9-8BA5-181FCD1FA5B8}.Debug|Any CPU.Build.0 = Debug|Any CPU
		{1FD6F72E-F9C2-4DF9-8BA5-181FCD1FA5B8}.Release|Any CPU.ActiveCfg = Release|Any CPU
		{1FD6F72E-F9C2-4DF9-8BA5-181FCD1FA5B8}.Release|Any CPU.Build.0 = Release|Any CPU
	EndGlobalSection
EndGlobal
